
Microsoft Visual Studio Solution File, Format Version 12.00
# Visual Studio Version 17
VisualStudioVersion = 17.12.35506.116
MinimumVisualStudioVersion = 10.0.40219.1
Project("{FAE04EC0-301F-11D3-BF4B-00C04F79EFBC}") = "TNM", "TNM\TNM.csproj", "{8C4C82EE-E821-403C-98D9-E7129D9E56A0}"
EndProject
Global
	GlobalSection(SolutionConfigurationPlatforms) = preSolution
		Debug|Any CPU = Debug|Any CPU
		Release|Any CPU = Release|Any CPU
	EndGlobalSection
	GlobalSection(ProjectConfigurationPlatforms) = postSolution
		{8C4C82EE-E821-403C-98D9-E7129D9E56A0}.Debug|Any CPU.ActiveCfg = Debug|Any CPU
		{8C4C82EE-E821-403C-98D9-E7129D9E56A0}.Debug|Any CPU.Build.0 = Debug|Any CPU
		{8C4C82EE-E821-403C-98D9-E7129D9E56A0}.Release|Any CPU.ActiveCfg = Release|Any CPU
		{8C4C82EE-E821-403C-98D9-E7129D9E56A0}.Release|Any CPU.Build.0 = Release|Any CPU
	EndGlobalSection
	GlobalSection(SolutionProperties) = preSolution
		HideSolutionNode = FALSE
	EndGlobalSection
EndGlobal
